
Microsoft Visual Studio Solution File, Format Version 12.00
# Visual Studio Version 17
VisualStudioVersion = 17.0.31903.59
MinimumVisualStudioVersion = 10.0.40219.1
Project("{9A19103F-16F7-4668-BE54-9A1E7A4F7556}") = "LeopardType.Web", "LeopardType.Web.csproj", "{3CB631D3-78F0-4E77-908F-679C9280EA64}"
EndProject
Project("{FAE04EC0-301F-11D3-BF4B-00C04F79EFBC}") = "LeopardType.API", "..\LeopardType.API\LeopardType.API.csproj", "{F5284B79-EF83-4C65-AB73-8EA0E26DC038}"
EndProject
Project("{FAE04EC0-301F-11D3-BF4B-00C04F79EFBC}") = "LeopardType.Core", "..\LeopardType.Core\LeopardType.Core.csproj", "{23743FB1-4505-435C-8CB8-E763CD9D8663}"
EndProject
Project("{FAE04EC0-301F-11D3-BF4B-00C04F79EFBC}") = "LeopardType.EF", "..\LeopardType.EF\LeopardType.EF.csproj", "{D51637B8-4E32-4B99-96F4-D6A2745A006D}"
EndProject
Global
	GlobalSection(SolutionConfigurationPlatforms) = preSolution
		Debug|Any CPU = Debug|Any CPU
		Release|Any CPU = Release|Any CPU
	EndGlobalSection
	GlobalSection(ProjectConfigurationPlatforms) = postSolution
		{3CB631D3-78F0-4E77-908F-679C9280EA64}.Debug|Any CPU.ActiveCfg = Debug|Any CPU
		{3CB631D3-78F0-4E77-908F-679C9280EA64}.Debug|Any CPU.Build.0 = Debug|Any CPU
		{3CB631D3-78F0-4E77-908F-679C9280EA64}.Release|Any CPU.ActiveCfg = Release|Any CPU
		{3CB631D3-78F0-4E77-908F-679C9280EA64}.Release|Any CPU.Build.0 = Release|Any CPU
		{F5284B79-EF83-4C65-AB73-8EA0E26DC038}.Debug|Any CPU.ActiveCfg = Debug|Any CPU
		{F5284B79-EF83-4C65-AB73-8EA0E26DC038}.Debug|Any CPU.Build.0 = Debug|Any CPU
		{F5284B79-EF83-4C65-AB73-8EA0E26DC038}.Release|Any CPU.ActiveCfg = Release|Any CPU
		{F5284B79-EF83-4C65-AB73-8EA0E26DC038}.Release|Any CPU.Build.0 = Release|Any CPU
		{23743FB1-4505-435C-8CB8-E763CD9D8663}.Debug|Any CPU.ActiveCfg = Debug|Any CPU
		{23743FB1-4505-435C-8CB8-E763CD9D8663}.Debug|Any CPU.Build.0 = Debug|Any CPU
		{23743FB1-4505-435C-8CB8-E763CD9D8663}.Release|Any CPU.ActiveCfg = Release|Any CPU
		{23743FB1-4505-435C-8CB8-E763CD9D8663}.Release|Any CPU.Build.0 = Release|Any CPU
		{D51637B8-4E32-4B99-96F4-D6A2745A006D}.Debug|Any CPU.ActiveCfg = Debug|Any CPU
		{D51637B8-4E32-4B99-96F4-D6A2745A006D}.Debug|Any CPU.Build.0 = Debug|Any CPU
		{D51637B8-4E32-4B99-96F4-D6A2745A006D}.Release|Any CPU.ActiveCfg = Release|Any CPU
		{D51637B8-4E32-4B99-96F4-D6A2745A006D}.Release|Any CPU.Build.0 = Release|Any CPU
	EndGlobalSection
	GlobalSection(SolutionProperties) = preSolution
		HideSolutionNode = FALSE
	EndGlobalSection
	GlobalSection(ExtensibilityGlobals) = postSolution
		SolutionGuid = {4922EA2B-E7B3-40D7-ACBA-E809F3CA150C}
	EndGlobalSection
EndGlobal
